
Microsoft Visual Studio Solution File, Format Version 12.00
# Visual Studio Version 17
VisualStudioVersion = 17.4.33205.214
MinimumVisualStudioVersion = 10.0.40219.1
Project("{FAE04EC0-301F-11D3-BF4B-00C04F79EFBC}") = "159333project", "159333project.csproj", "{8A078005-57A0-4818-BB67-AC777004DEBB}"
EndProject
Global
	GlobalSection(SolutionConfigurationPlatforms) = preSolution
		Debug|Any CPU = Debug|Any CPU
		Release|Any CPU = Release|Any CPU
	EndGlobalSection
	GlobalSection(ProjectConfigurationPlatforms) = postSolution
		{8A078005-57A0-4818-BB67-AC777004DEBB}.Debug|Any CPU.ActiveCfg = Debug|Any CPU
		{8A078005-57A0-4818-BB67-AC777004DEBB}.Debug|Any CPU.Build.0 = Debug|Any CPU
		{8A078005-57A0-4818-BB67-AC777004DEBB}.Release|Any CPU.ActiveCfg = Release|Any CPU
		{8A078005-57A0-4818-BB67-AC777004DEBB}.Release|Any CPU.Build.0 = Release|Any CPU
	EndGlobalSection
	GlobalSection(SolutionProperties) = preSolution
		HideSolutionNode = FALSE
	EndGlobalSection
	GlobalSection(ExtensibilityGlobals) = postSolution
		SolutionGuid = {C02E3D3E-2B85-4E85-AADF-1ED9220696AD}
	EndGlobalSection
EndGlobal
